{
    "_readme": [
        "This file locks the dependencies of your project to a known state",
        "Read more about it at https://getcomposer.org/doc/01-basic-usage.md#installing-dependencies",
        "This file is @generated automatically"
    ],
    "content-hash": "35e0f6f35e0fac43a60d62cfec55c189",
    "packages": [
        {
            "name": "opis/json-schema",
            "version": "1.1.0",
            "source": {
                "type": "git",
                "url": "https://github.com/opis/json-schema.git",
                "reference": "39d8072be8657a329a284339994401066406c43b"
            },
            "dist": {
                "type": "zip",
                "url": "https://api.github.com/repos/opis/json-schema/zipball/39d8072be8657a329a284339994401066406c43b",
                "reference": "39d8072be8657a329a284339994401066406c43b",
                "shasum": ""
            },
            "require": {
                "php": ">=7.0"
            },
            "require-dev": {
                "ext-bcmath": "*",
                "ext-intl": "*",
                "ext-json": "*",
                "ext-mbstring": "*",
                "opis/string": "^1.4",
                "phpunit/phpunit": "^6.5 || ^7.0 || ^9.4"
            },
            "suggest": {
                "opis/string": "A standalone library for manipulating multibyte strings"
            },
            "type": "library",
            "extra": {
                "branch-alias": {
                    "dev-master": "1.0.x-dev"
                }
            },
            "autoload": {
                "psr-4": {
                    "Opis\\JsonSchema\\": "src/"
                }
            },
            "notification-url": "https://packagist.org/downloads/",
            "license": [
                "Apache-2.0"
            ],
            "authors": [
                {
                    "name": "Sorin Sarca",
                    "email": "sarca_sorin@hotmail.com"
                },
                {
                    "name": "Marius Sarca",
                    "email": "marius.sarca@gmail.com"
                }
            ],
            "description": "Json Schema Validator",
            "homepage": "http://www.opis.io/json-schema",
            "keywords": [
                "json",
                "schema",
                "validation",
                "validator"
            ],
            "support": {
                "issues": "https://github.com/opis/json-schema/issues",
                "source": "https://github.com/opis/json-schema/tree/1.1.0"
            },
            "time": "2021-04-14T20:02:50+00:00"
        }
    ],
    "packages-dev": [],
    "aliases": [],
    "minimum-stability": "stable",
    "stability-flags": [],
    "prefer-stable": false,
    "prefer-lowest": false,
    "platform": [],
    "platform-dev": [],
    "plugin-api-version": "2.1.0"
}
